# This file is automatically @generated by Poetry 1.8.2 and should not be changed by hand.

[[package]]
name = "huey"
version = "2.5.0"
description = "huey, a little task queue"
optional = false
python-versions = "*"
files = [
    {file = "huey-2.5.0.tar.gz", hash = "sha256:2ffb52fb5c46a1b0d53c79d59df3622312b27e2ab68d81a580985a8ea4ca3480"},
]

[package.extras]
backends = ["redis (>=3.0.0)"]
redis = ["redis (>=3.0.0)"]

[metadata]
lock-version = "2.0"
python-versions = ">=3.8,<4.0"
content-hash = "b5c6a4366af56c3605f05a57e82ab5a6373922dea294dc76760d90868170db20"
